
Microsoft Visual Studio Solution File, Format Version 12.00
# Visual Studio Version 17
VisualStudioVersion = 17.2.32630.192
MinimumVisualStudioVersion = 10.0.40219.1
Project("{FAE04EC0-301F-11D3-BF4B-00C04F79EFBC}") = "InecDatabaseAssignment2", "InecDatabaseAssignment2\InecDatabaseAssignment2.csproj", "{97997445-03F2-4DF0-9AD6-7FBD714FD5AA}"
EndProject
Global
	GlobalSection(SolutionConfigurationPlatforms) = preSolution
		Debug|Any CPU = Debug|Any CPU
		Release|Any CPU = Release|Any CPU
	EndGlobalSection
	GlobalSection(ProjectConfigurationPlatforms) = postSolution
		{97997445-03F2-4DF0-9AD6-7FBD714FD5AA}.Debug|Any CPU.ActiveCfg = Debug|Any CPU
		{97997445-03F2-4DF0-9AD6-7FBD714FD5AA}.Debug|Any CPU.Build.0 = Debug|Any CPU
		{97997445-03F2-4DF0-9AD6-7FBD714FD5AA}.Release|Any CPU.ActiveCfg = Release|Any CPU
		{97997445-03F2-4DF0-9AD6-7FBD714FD5AA}.Release|Any CPU.Build.0 = Release|Any CPU
	EndGlobalSection
	GlobalSection(SolutionProperties) = preSolution
		HideSolutionNode = FALSE
	EndGlobalSection
	GlobalSection(ExtensibilityGlobals) = postSolution
		SolutionGuid = {62ED0831-3CB0-45B2-A8AA-6B59F5866060}
	EndGlobalSection
EndGlobal
